
Microsoft Visual Studio Solution File, Format Version 12.00
# Visual Studio Version 17
VisualStudioVersion = 17.0.31903.59
MinimumVisualStudioVersion = 10.0.40219.1
Project("{2150E333-8FDC-42A3-9474-1A3956D46DE8}") = "src", "src", "{827E0CD3-B72D-47B6-A68D-7590B98EB39B}"
EndProject
Project("{2150E333-8FDC-42A3-9474-1A3956D46DE8}") = "EnglishCardsBot.Domain", "EnglishCardsBot.Domain", "{10A47635-DFB6-28AC-6672-F416582627F9}"
EndProject
Project("{FAE04EC0-301F-11D3-BF4B-00C04F79EFBC}") = "EnglishCardsBot.Domain", "src\EnglishCardsBot.Domain\EnglishCardsBot.Domain\EnglishCardsBot.Domain.csproj", "{10B866DD-097A-48A1-A479-1165CB3CFC5C}"
EndProject
Project("{FAE04EC0-301F-11D3-BF4B-00C04F79EFBC}") = "EnglishCardsBot.Application", "src\EnglishCardsBot.Application\EnglishCardsBot.Application\EnglishCardsBot.Application.csproj", "{325BC201-C486-40E1-8F10-43F524230D49}"
EndProject
Project("{FAE04EC0-301F-11D3-BF4B-00C04F79EFBC}") = "EnglishCardsBot.Infrastructure", "src\EnglishCardsBot.Infrastructure\EnglishCardsBot.Infrastructure\EnglishCardsBot.Infrastructure.csproj", "{74F30BE0-66B2-470E-8534-A5E09DE4F1BD}"
EndProject
Project("{FAE04EC0-301F-11D3-BF4B-00C04F79EFBC}") = "EnglishCardsBot.Presentation", "src\EnglishCardsBot.Presentation\EnglishCardsBot.Presentation\EnglishCardsBot.Presentation.csproj", "{35C7DB1C-B25E-487F-B521-1BC716224B46}"
EndProject
Global
	GlobalSection(SolutionConfigurationPlatforms) = preSolution
		Debug|Any CPU = Debug|Any CPU
		Debug|x64 = Debug|x64
		Debug|x86 = Debug|x86
		Release|Any CPU = Release|Any CPU
		Release|x64 = Release|x64
		Release|x86 = Release|x86
	EndGlobalSection
	GlobalSection(ProjectConfigurationPlatforms) = postSolution
		{10B866DD-097A-48A1-A479-1165CB3CFC5C}.Debug|Any CPU.ActiveCfg = Debug|Any CPU
		{10B866DD-097A-48A1-A479-1165CB3CFC5C}.Debug|Any CPU.Build.0 = Debug|Any CPU
		{10B866DD-097A-48A1-A479-1165CB3CFC5C}.Debug|x64.ActiveCfg = Debug|Any CPU
		{10B866DD-097A-48A1-A479-1165CB3CFC5C}.Debug|x64.Build.0 = Debug|Any CPU
		{10B866DD-097A-48A1-A479-1165CB3CFC5C}.Debug|x86.ActiveCfg = Debug|Any CPU
		{10B866DD-097A-48A1-A479-1165CB3CFC5C}.Debug|x86.Build.0 = Debug|Any CPU
		{10B866DD-097A-48A1-A479-1165CB3CFC5C}.Release|Any CPU.ActiveCfg = Release|Any CPU
		{10B866DD-097A-48A1-A479-1165CB3CFC5C}.Release|Any CPU.Build.0 = Release|Any CPU
		{10B866DD-097A-48A1-A479-1165CB3CFC5C}.Release|x64.ActiveCfg = Release|Any CPU
		{10B866DD-097A-48A1-A479-1165CB3CFC5C}.Release|x64.Build.0 = Release|Any CPU
		{10B866DD-097A-48A1-A479-1165CB3CFC5C}.Release|x86.ActiveCfg = Release|Any CPU
		{10B866DD-097A-48A1-A479-1165CB3CFC5C}.Release|x86.Build.0 = Release|Any CPU
		{325BC201-C486-40E1-8F10-43F524230D49}.Debug|Any CPU.ActiveCfg = Debug|Any CPU
		{325BC201-C486-40E1-8F10-43F524230D49}.Debug|Any CPU.Build.0 = Debug|Any CPU
		{325BC201-C486-40E1-8F10-43F524230D49}.Debug|x64.ActiveCfg = Debug|Any CPU
		{325BC201-C486-40E1-8F10-43F524230D49}.Debug|x64.Build.0 = Debug|Any CPU
		{325BC201-C486-40E1-8F10-43F524230D49}.Debug|x86.ActiveCfg = Debug|Any CPU
		{325BC201-C486-40E1-8F10-43F524230D49}.Debug|x86.Build.0 = Debug|Any CPU
		{325BC201-C486-40E1-8F10-43F524230D49}.Release|Any CPU.ActiveCfg = Release|Any CPU
		{325BC201-C486-40E1-8F10-43F524230D49}.Release|Any CPU.Build.0 = Release|Any CPU
		{325BC201-C486-40E1-8F10-43F524230D49}.Release|x64.ActiveCfg = Release|Any CPU
		{325BC201-C486-40E1-8F10-43F524230D49}.Release|x64.Build.0 = Release|Any CPU
		{325BC201-C486-40E1-8F10-43F524230D49}.Release|x86.ActiveCfg = Release|Any CPU
		{325BC201-C486-40E1-8F10-43F524230D49}.Release|x86.Build.0 = Release|Any CPU
		{74F30BE0-66B2-470E-8534-A5E09DE4F1BD}.Debug|Any CPU.ActiveCfg = Debug|Any CPU
		{74F30BE0-66B2-470E-8534-A5E09DE4F1BD}.Debug|Any CPU.Build.0 = Debug|Any CPU
		{74F30BE0-66B2-470E-8534-A5E09DE4F1BD}.Debug|x64.ActiveCfg = Debug|Any CPU
		{74F30BE0-66B2-470E-8534-A5E09DE4F1BD}.Debug|x64.Build.0 = Debug|Any CPU
		{74F30BE0-66B2-470E-8534-A5E09DE4F1BD}.Debug|x86.ActiveCfg = Debug|Any CPU
		{74F30BE0-66B2-470E-8534-A5E09DE4F1BD}.Debug|x86.Build.0 = Debug|Any CPU
		{74F30BE0-66B2-470E-8534-A5E09DE4F1BD}.Release|Any CPU.ActiveCfg = Release|Any CPU
		{74F30BE0-66B2-470E-8534-A5E09DE4F1BD}.Release|Any CPU.Build.0 = Release|Any CPU
		{74F30BE0-66B2-470E-8534-A5E09DE4F1BD}.Release|x64.ActiveCfg = Release|Any CPU
		{74F30BE0-66B2-470E-8534-A5E09DE4F1BD}.Release|x64.Build.0 = Release|Any CPU
		{74F30BE0-66B2-470E-8534-A5E09DE4F1BD}.Release|x86.ActiveCfg = Release|Any CPU
		{74F30BE0-66B2-470E-8534-A5E09DE4F1BD}.Release|x86.Build.0 = Release|Any CPU
		{35C7DB1C-B25E-487F-B521-1BC716224B46}.Debug|Any CPU.ActiveCfg = Debug|Any CPU
		{35C7DB1C-B25E-487F-B521-1BC716224B46}.Debug|Any CPU.Build.0 = Debug|Any CPU
		{35C7DB1C-B25E-487F-B521-1BC716224B46}.Debug|x64.ActiveCfg = Debug|Any CPU
		{35C7DB1C-B25E-487F-B521-1BC716224B46}.Debug|x64.Build.0 = Debug|Any CPU
		{35C7DB1C-B25E-487F-B521-1BC716224B46}.Debug|x86.ActiveCfg = Debug|Any CPU
		{35C7DB1C-B25E-487F-B521-1BC716224B46}.Debug|x86.Build.0 = Debug|Any CPU
		{35C7DB1C-B25E-487F-B521-1BC716224B46}.Release|Any CPU.ActiveCfg = Release|Any CPU
		{35C7DB1C-B25E-487F-B521-1BC716224B46}.Release|Any CPU.Build.0 = Release|Any CPU
		{35C7DB1C-B25E-487F-B521-1BC716224B46}.Release|x64.ActiveCfg = Release|Any CPU
		{35C7DB1C-B25E-487F-B521-1BC716224B46}.Release|x64.Build.0 = Release|Any CPU
		{35C7DB1C-B25E-487F-B521-1BC716224B46}.Release|x86.ActiveCfg = Release|Any CPU
		{35C7DB1C-B25E-487F-B521-1BC716224B46}.Release|x86.Build.0 = Release|Any CPU
	EndGlobalSection
	GlobalSection(SolutionProperties) = preSolution
		HideSolutionNode = FALSE
	EndGlobalSection
	GlobalSection(NestedProjects) = preSolution
		{10A47635-DFB6-28AC-6672-F416582627F9} = {827E0CD3-B72D-47B6-A68D-7590B98EB39B}
		{10B866DD-097A-48A1-A479-1165CB3CFC5C} = {10A47635-DFB6-28AC-6672-F416582627F9}
		{325BC201-C486-40E1-8F10-43F524230D49} = {10A47635-DFB6-28AC-6672-F416582627F9}
		{74F30BE0-66B2-470E-8534-A5E09DE4F1BD} = {10A47635-DFB6-28AC-6672-F416582627F9}
		{35C7DB1C-B25E-487F-B521-1BC716224B46} = {10A47635-DFB6-28AC-6672-F416582627F9}
	EndGlobalSection
EndGlobal
