
Microsoft Visual Studio Solution File, Format Version 12.00
# Visual Studio Version 17
VisualStudioVersion = 17.0.31903.59
MinimumVisualStudioVersion = 10.0.40219.1
Project("{2150E333-8FDC-42A3-9474-1A3956D46DE8}") = "src", "src", "{827E0CD3-B72D-47B6-A68D-7590B98EB39B}"
EndProject
Project("{2150E333-8FDC-42A3-9474-1A3956D46DE8}") = "LanguageCardsBot", "LanguageCardsBot", "{10A47635-DFB6-28AC-6672-F416582627F9}"
EndProject
Project("{FAE04EC0-301F-11D3-BF4B-00C04F79EFBC}") = "LanguageCardsBot.Presentation", "src\LanguageCardsBot\EnglishCardsBot.Presentation\LanguageCardsBot.Presentation\LanguageCardsBot.Presentation.csproj", "{35C7DB1C-B25E-487F-B521-1BC716224B46}"
EndProject
Project("{2150E333-8FDC-42A3-9474-1A3956D46DE8}") = "Cards", "Cards", "{C4C27542-91B6-43F2-AB52-F086A8A3F5F9}"
EndProject
Project("{FAE04EC0-301F-11D3-BF4B-00C04F79EFBC}") = "Cards.Presentation", "src\Cards\Cards.Presentation\Cards.Presentation.csproj", "{85C14A22-CFF3-4D6B-8D43-1F1A02F387FB}"
EndProject
Project("{2150E333-8FDC-42A3-9474-1A3956D46DE8}") = "Contracts", "Contracts", "{8DA74031-7644-4DB2-9DEF-73E3578597BF}"
EndProject
Project("{FAE04EC0-301F-11D3-BF4B-00C04F79EFBC}") = "Contracts.Cards", "src\Contracts\Contracts.Cards\Contracts.Cards.csproj", "{FA073BF0-5F29-4CE6-9309-037450B6AF06}"
EndProject
Project("{FAE04EC0-301F-11D3-BF4B-00C04F79EFBC}") = "Cards.Domain", "src\Cards\Cards.Domain\Cards.Domain.csproj", "{408CE933-46B8-4C99-8031-665A47F352E4}"
EndProject
Project("{FAE04EC0-301F-11D3-BF4B-00C04F79EFBC}") = "Cards.Application", "src\Cards\Cards.Application\Cards.Application.csproj", "{7F3F4960-6B55-4C4C-86C4-D1A9262AA5EC}"
EndProject
Project("{FAE04EC0-301F-11D3-BF4B-00C04F79EFBC}") = "Cards.Infrastructure", "src\Cards\Cards.Infrastructure\Cards.Infrastructure.csproj", "{A77AF37E-3744-4F6C-A21C-20087B723F8C}"
EndProject
Project("{FAE04EC0-301F-11D3-BF4B-00C04F79EFBC}") = "Contracts.Common", "src\Contracts\Contracts.Common\Contracts.Common.csproj", "{6E2B498E-B95F-418D-AD0B-B378B408BB98}"
EndProject
Project("{2150E333-8FDC-42A3-9474-1A3956D46DE8}") = "ApiGateway", "ApiGateway", "{A7DBDDE5-013E-4353-A8FE-9D900B3D68EA}"
EndProject
Project("{FAE04EC0-301F-11D3-BF4B-00C04F79EFBC}") = "ApiGateway", "src\ApiGateway\ApiGateway.csproj", "{AAF26210-5C74-49E8-87C3-3D413B08CC3C}"
EndProject
Project("{2150E333-8FDC-42A3-9474-1A3956D46DE8}") = "Solution Items", "Solution Items", "{703EE2D8-052A-474A-B477-6F22C9E43C88}"
	ProjectSection(SolutionItems) = preProject
		docker-compose.yml = docker-compose.yml
		infra\docker-compose.infra.yml = infra\docker-compose.infra.yml
		README.md = README.md
	EndProjectSection
EndProject
Project("{2150E333-8FDC-42A3-9474-1A3956D46DE8}") = "Passport", "Passport", "{7CA73363-9E9A-4A6E-9449-F0BBD14A4C08}"
EndProject
Project("{9A19103F-16F7-4668-BE54-9A1E7A4F7556}") = "Passport.Presentation", "src\Passport\Passport.Presentation\Passport.Presentation.csproj", "{001DD21F-581C-4987-A196-5F0F2F246CA3}"
EndProject
Project("{9A19103F-16F7-4668-BE54-9A1E7A4F7556}") = "Passport.Application", "src\Passport\Passport.Application\Passport.Application.csproj", "{856410BF-01D4-4191-AC87-F2ABA8BC364A}"
EndProject
Project("{9A19103F-16F7-4668-BE54-9A1E7A4F7556}") = "Passport.Domain", "src\Passport\Passport.Domain\Passport.Domain.csproj", "{A00C5A95-6B38-4615-93F7-3284E119AB9C}"
EndProject
Project("{9A19103F-16F7-4668-BE54-9A1E7A4F7556}") = "Passport.Infrastructure", "src\Passport\Passport.Infrastructure\Passport.Infrastructure.csproj", "{E2933ADF-659B-4C3B-B4BF-4D14E2F52C3B}"
EndProject
Project("{FAE04EC0-301F-11D3-BF4B-00C04F79EFBC}") = "Contracts.Messaging", "src\Contracts\Contracts.Messaging\Contracts.Messaging.csproj", "{EB173DAB-EA3F-4FD9-A15C-C6A9DB372526}"
EndProject
Global
	GlobalSection(SolutionConfigurationPlatforms) = preSolution
		Debug|Any CPU = Debug|Any CPU
		Debug|x64 = Debug|x64
		Debug|x86 = Debug|x86
		Release|Any CPU = Release|Any CPU
		Release|x64 = Release|x64
		Release|x86 = Release|x86
	EndGlobalSection
	GlobalSection(ProjectConfigurationPlatforms) = postSolution
		{35C7DB1C-B25E-487F-B521-1BC716224B46}.Debug|Any CPU.ActiveCfg = Debug|Any CPU
		{35C7DB1C-B25E-487F-B521-1BC716224B46}.Debug|Any CPU.Build.0 = Debug|Any CPU
		{35C7DB1C-B25E-487F-B521-1BC716224B46}.Debug|x64.ActiveCfg = Debug|Any CPU
		{35C7DB1C-B25E-487F-B521-1BC716224B46}.Debug|x64.Build.0 = Debug|Any CPU
		{35C7DB1C-B25E-487F-B521-1BC716224B46}.Debug|x86.ActiveCfg = Debug|Any CPU
		{35C7DB1C-B25E-487F-B521-1BC716224B46}.Debug|x86.Build.0 = Debug|Any CPU
		{35C7DB1C-B25E-487F-B521-1BC716224B46}.Release|Any CPU.ActiveCfg = Release|Any CPU
		{35C7DB1C-B25E-487F-B521-1BC716224B46}.Release|Any CPU.Build.0 = Release|Any CPU
		{35C7DB1C-B25E-487F-B521-1BC716224B46}.Release|x64.ActiveCfg = Release|Any CPU
		{35C7DB1C-B25E-487F-B521-1BC716224B46}.Release|x64.Build.0 = Release|Any CPU
		{35C7DB1C-B25E-487F-B521-1BC716224B46}.Release|x86.ActiveCfg = Release|Any CPU
		{35C7DB1C-B25E-487F-B521-1BC716224B46}.Release|x86.Build.0 = Release|Any CPU
		{85C14A22-CFF3-4D6B-8D43-1F1A02F387FB}.Debug|Any CPU.ActiveCfg = Debug|Any CPU
		{85C14A22-CFF3-4D6B-8D43-1F1A02F387FB}.Debug|Any CPU.Build.0 = Debug|Any CPU
		{85C14A22-CFF3-4D6B-8D43-1F1A02F387FB}.Debug|x64.ActiveCfg = Debug|Any CPU
		{85C14A22-CFF3-4D6B-8D43-1F1A02F387FB}.Debug|x64.Build.0 = Debug|Any CPU
		{85C14A22-CFF3-4D6B-8D43-1F1A02F387FB}.Debug|x86.ActiveCfg = Debug|Any CPU
		{85C14A22-CFF3-4D6B-8D43-1F1A02F387FB}.Debug|x86.Build.0 = Debug|Any CPU
		{85C14A22-CFF3-4D6B-8D43-1F1A02F387FB}.Release|Any CPU.ActiveCfg = Release|Any CPU
		{85C14A22-CFF3-4D6B-8D43-1F1A02F387FB}.Release|Any CPU.Build.0 = Release|Any CPU
		{85C14A22-CFF3-4D6B-8D43-1F1A02F387FB}.Release|x64.ActiveCfg = Release|Any CPU
		{85C14A22-CFF3-4D6B-8D43-1F1A02F387FB}.Release|x64.Build.0 = Release|Any CPU
		{85C14A22-CFF3-4D6B-8D43-1F1A02F387FB}.Release|x86.ActiveCfg = Release|Any CPU
		{85C14A22-CFF3-4D6B-8D43-1F1A02F387FB}.Release|x86.Build.0 = Release|Any CPU
		{FA073BF0-5F29-4CE6-9309-037450B6AF06}.Debug|Any CPU.ActiveCfg = Debug|Any CPU
		{FA073BF0-5F29-4CE6-9309-037450B6AF06}.Debug|Any CPU.Build.0 = Debug|Any CPU
		{FA073BF0-5F29-4CE6-9309-037450B6AF06}.Debug|x64.ActiveCfg = Debug|Any CPU
		{FA073BF0-5F29-4CE6-9309-037450B6AF06}.Debug|x64.Build.0 = Debug|Any CPU
		{FA073BF0-5F29-4CE6-9309-037450B6AF06}.Debug|x86.ActiveCfg = Debug|Any CPU
		{FA073BF0-5F29-4CE6-9309-037450B6AF06}.Debug|x86.Build.0 = Debug|Any CPU
		{FA073BF0-5F29-4CE6-9309-037450B6AF06}.Release|Any CPU.ActiveCfg = Release|Any CPU
		{FA073BF0-5F29-4CE6-9309-037450B6AF06}.Release|Any CPU.Build.0 = Release|Any CPU
		{FA073BF0-5F29-4CE6-9309-037450B6AF06}.Release|x64.ActiveCfg = Release|Any CPU
		{FA073BF0-5F29-4CE6-9309-037450B6AF06}.Release|x64.Build.0 = Release|Any CPU
		{FA073BF0-5F29-4CE6-9309-037450B6AF06}.Release|x86.ActiveCfg = Release|Any CPU
		{FA073BF0-5F29-4CE6-9309-037450B6AF06}.Release|x86.Build.0 = Release|Any CPU
		{408CE933-46B8-4C99-8031-665A47F352E4}.Debug|Any CPU.ActiveCfg = Debug|Any CPU
		{408CE933-46B8-4C99-8031-665A47F352E4}.Debug|Any CPU.Build.0 = Debug|Any CPU
		{408CE933-46B8-4C99-8031-665A47F352E4}.Debug|x64.ActiveCfg = Debug|Any CPU
		{408CE933-46B8-4C99-8031-665A47F352E4}.Debug|x64.Build.0 = Debug|Any CPU
		{408CE933-46B8-4C99-8031-665A47F352E4}.Debug|x86.ActiveCfg = Debug|Any CPU
		{408CE933-46B8-4C99-8031-665A47F352E4}.Debug|x86.Build.0 = Debug|Any CPU
		{408CE933-46B8-4C99-8031-665A47F352E4}.Release|Any CPU.ActiveCfg = Release|Any CPU
		{408CE933-46B8-4C99-8031-665A47F352E4}.Release|Any CPU.Build.0 = Release|Any CPU
		{408CE933-46B8-4C99-8031-665A47F352E4}.Release|x64.ActiveCfg = Release|Any CPU
		{408CE933-46B8-4C99-8031-665A47F352E4}.Release|x64.Build.0 = Release|Any CPU
		{408CE933-46B8-4C99-8031-665A47F352E4}.Release|x86.ActiveCfg = Release|Any CPU
		{408CE933-46B8-4C99-8031-665A47F352E4}.Release|x86.Build.0 = Release|Any CPU
		{7F3F4960-6B55-4C4C-86C4-D1A9262AA5EC}.Debug|Any CPU.ActiveCfg = Debug|Any CPU
		{7F3F4960-6B55-4C4C-86C4-D1A9262AA5EC}.Debug|Any CPU.Build.0 = Debug|Any CPU
		{7F3F4960-6B55-4C4C-86C4-D1A9262AA5EC}.Debug|x64.ActiveCfg = Debug|Any CPU
		{7F3F4960-6B55-4C4C-86C4-D1A9262AA5EC}.Debug|x64.Build.0 = Debug|Any CPU
		{7F3F4960-6B55-4C4C-86C4-D1A9262AA5EC}.Debug|x86.ActiveCfg = Debug|Any CPU
		{7F3F4960-6B55-4C4C-86C4-D1A9262AA5EC}.Debug|x86.Build.0 = Debug|Any CPU
		{7F3F4960-6B55-4C4C-86C4-D1A9262AA5EC}.Release|Any CPU.ActiveCfg = Release|Any CPU
		{7F3F4960-6B55-4C4C-86C4-D1A9262AA5EC}.Release|Any CPU.Build.0 = Release|Any CPU
		{7F3F4960-6B55-4C4C-86C4-D1A9262AA5EC}.Release|x64.ActiveCfg = Release|Any CPU
		{7F3F4960-6B55-4C4C-86C4-D1A9262AA5EC}.Release|x64.Build.0 = Release|Any CPU
		{7F3F4960-6B55-4C4C-86C4-D1A9262AA5EC}.Release|x86.ActiveCfg = Release|Any CPU
		{7F3F4960-6B55-4C4C-86C4-D1A9262AA5EC}.Release|x86.Build.0 = Release|Any CPU
		{A77AF37E-3744-4F6C-A21C-20087B723F8C}.Debug|Any CPU.ActiveCfg = Debug|Any CPU
		{A77AF37E-3744-4F6C-A21C-20087B723F8C}.Debug|Any CPU.Build.0 = Debug|Any CPU
		{A77AF37E-3744-4F6C-A21C-20087B723F8C}.Debug|x64.ActiveCfg = Debug|Any CPU
		{A77AF37E-3744-4F6C-A21C-20087B723F8C}.Debug|x64.Build.0 = Debug|Any CPU
		{A77AF37E-3744-4F6C-A21C-20087B723F8C}.Debug|x86.ActiveCfg = Debug|Any CPU
		{A77AF37E-3744-4F6C-A21C-20087B723F8C}.Debug|x86.Build.0 = Debug|Any CPU
		{A77AF37E-3744-4F6C-A21C-20087B723F8C}.Release|Any CPU.ActiveCfg = Release|Any CPU
		{A77AF37E-3744-4F6C-A21C-20087B723F8C}.Release|Any CPU.Build.0 = Release|Any CPU
		{A77AF37E-3744-4F6C-A21C-20087B723F8C}.Release|x64.ActiveCfg = Release|Any CPU
		{A77AF37E-3744-4F6C-A21C-20087B723F8C}.Release|x64.Build.0 = Release|Any CPU
		{A77AF37E-3744-4F6C-A21C-20087B723F8C}.Release|x86.ActiveCfg = Release|Any CPU
		{A77AF37E-3744-4F6C-A21C-20087B723F8C}.Release|x86.Build.0 = Release|Any CPU
		{6E2B498E-B95F-418D-AD0B-B378B408BB98}.Debug|Any CPU.ActiveCfg = Debug|Any CPU
		{6E2B498E-B95F-418D-AD0B-B378B408BB98}.Debug|Any CPU.Build.0 = Debug|Any CPU
		{6E2B498E-B95F-418D-AD0B-B378B408BB98}.Debug|x64.ActiveCfg = Debug|Any CPU
		{6E2B498E-B95F-418D-AD0B-B378B408BB98}.Debug|x64.Build.0 = Debug|Any CPU
		{6E2B498E-B95F-418D-AD0B-B378B408BB98}.Debug|x86.ActiveCfg = Debug|Any CPU
		{6E2B498E-B95F-418D-AD0B-B378B408BB98}.Debug|x86.Build.0 = Debug|Any CPU
		{6E2B498E-B95F-418D-AD0B-B378B408BB98}.Release|Any CPU.ActiveCfg = Release|Any CPU
		{6E2B498E-B95F-418D-AD0B-B378B408BB98}.Release|Any CPU.Build.0 = Release|Any CPU
		{6E2B498E-B95F-418D-AD0B-B378B408BB98}.Release|x64.ActiveCfg = Release|Any CPU
		{6E2B498E-B95F-418D-AD0B-B378B408BB98}.Release|x64.Build.0 = Release|Any CPU
		{6E2B498E-B95F-418D-AD0B-B378B408BB98}.Release|x86.ActiveCfg = Release|Any CPU
		{6E2B498E-B95F-418D-AD0B-B378B408BB98}.Release|x86.Build.0 = Release|Any CPU
		{AAF26210-5C74-49E8-87C3-3D413B08CC3C}.Debug|Any CPU.ActiveCfg = Debug|Any CPU
		{AAF26210-5C74-49E8-87C3-3D413B08CC3C}.Debug|Any CPU.Build.0 = Debug|Any CPU
		{AAF26210-5C74-49E8-87C3-3D413B08CC3C}.Debug|x64.ActiveCfg = Debug|Any CPU
		{AAF26210-5C74-49E8-87C3-3D413B08CC3C}.Debug|x64.Build.0 = Debug|Any CPU
		{AAF26210-5C74-49E8-87C3-3D413B08CC3C}.Debug|x86.ActiveCfg = Debug|Any CPU
		{AAF26210-5C74-49E8-87C3-3D413B08CC3C}.Debug|x86.Build.0 = Debug|Any CPU
		{AAF26210-5C74-49E8-87C3-3D413B08CC3C}.Release|Any CPU.ActiveCfg = Release|Any CPU
		{AAF26210-5C74-49E8-87C3-3D413B08CC3C}.Release|Any CPU.Build.0 = Release|Any CPU
		{AAF26210-5C74-49E8-87C3-3D413B08CC3C}.Release|x64.ActiveCfg = Release|Any CPU
		{AAF26210-5C74-49E8-87C3-3D413B08CC3C}.Release|x64.Build.0 = Release|Any CPU
		{AAF26210-5C74-49E8-87C3-3D413B08CC3C}.Release|x86.ActiveCfg = Release|Any CPU
		{AAF26210-5C74-49E8-87C3-3D413B08CC3C}.Release|x86.Build.0 = Release|Any CPU
		{001DD21F-581C-4987-A196-5F0F2F246CA3}.Debug|Any CPU.ActiveCfg = Debug|Any CPU
		{001DD21F-581C-4987-A196-5F0F2F246CA3}.Debug|Any CPU.Build.0 = Debug|Any CPU
		{001DD21F-581C-4987-A196-5F0F2F246CA3}.Debug|x64.ActiveCfg = Debug|Any CPU
		{001DD21F-581C-4987-A196-5F0F2F246CA3}.Debug|x64.Build.0 = Debug|Any CPU
		{001DD21F-581C-4987-A196-5F0F2F246CA3}.Debug|x86.ActiveCfg = Debug|Any CPU
		{001DD21F-581C-4987-A196-5F0F2F246CA3}.Debug|x86.Build.0 = Debug|Any CPU
		{001DD21F-581C-4987-A196-5F0F2F246CA3}.Release|Any CPU.ActiveCfg = Release|Any CPU
		{001DD21F-581C-4987-A196-5F0F2F246CA3}.Release|Any CPU.Build.0 = Release|Any CPU
		{001DD21F-581C-4987-A196-5F0F2F246CA3}.Release|x64.ActiveCfg = Release|Any CPU
		{001DD21F-581C-4987-A196-5F0F2F246CA3}.Release|x64.Build.0 = Release|Any CPU
		{001DD21F-581C-4987-A196-5F0F2F246CA3}.Release|x86.ActiveCfg = Release|Any CPU
		{001DD21F-581C-4987-A196-5F0F2F246CA3}.Release|x86.Build.0 = Release|Any CPU
		{856410BF-01D4-4191-AC87-F2ABA8BC364A}.Debug|Any CPU.ActiveCfg = Debug|Any CPU
		{856410BF-01D4-4191-AC87-F2ABA8BC364A}.Debug|Any CPU.Build.0 = Debug|Any CPU
		{856410BF-01D4-4191-AC87-F2ABA8BC364A}.Debug|x64.ActiveCfg = Debug|Any CPU
		{856410BF-01D4-4191-AC87-F2ABA8BC364A}.Debug|x64.Build.0 = Debug|Any CPU
		{856410BF-01D4-4191-AC87-F2ABA8BC364A}.Debug|x86.ActiveCfg = Debug|Any CPU
		{856410BF-01D4-4191-AC87-F2ABA8BC364A}.Debug|x86.Build.0 = Debug|Any CPU
		{856410BF-01D4-4191-AC87-F2ABA8BC364A}.Release|Any CPU.ActiveCfg = Release|Any CPU
		{856410BF-01D4-4191-AC87-F2ABA8BC364A}.Release|Any CPU.Build.0 = Release|Any CPU
		{856410BF-01D4-4191-AC87-F2ABA8BC364A}.Release|x64.ActiveCfg = Release|Any CPU
		{856410BF-01D4-4191-AC87-F2ABA8BC364A}.Release|x64.Build.0 = Release|Any CPU
		{856410BF-01D4-4191-AC87-F2ABA8BC364A}.Release|x86.ActiveCfg = Release|Any CPU
		{856410BF-01D4-4191-AC87-F2ABA8BC364A}.Release|x86.Build.0 = Release|Any CPU
		{A00C5A95-6B38-4615-93F7-3284E119AB9C}.Debug|Any CPU.ActiveCfg = Debug|Any CPU
		{A00C5A95-6B38-4615-93F7-3284E119AB9C}.Debug|Any CPU.Build.0 = Debug|Any CPU
		{A00C5A95-6B38-4615-93F7-3284E119AB9C}.Debug|x64.ActiveCfg = Debug|Any CPU
		{A00C5A95-6B38-4615-93F7-3284E119AB9C}.Debug|x64.Build.0 = Debug|Any CPU
		{A00C5A95-6B38-4615-93F7-3284E119AB9C}.Debug|x86.ActiveCfg = Debug|Any CPU
		{A00C5A95-6B38-4615-93F7-3284E119AB9C}.Debug|x86.Build.0 = Debug|Any CPU
		{A00C5A95-6B38-4615-93F7-3284E119AB9C}.Release|Any CPU.ActiveCfg = Release|Any CPU
		{A00C5A95-6B38-4615-93F7-3284E119AB9C}.Release|Any CPU.Build.0 = Release|Any CPU
		{A00C5A95-6B38-4615-93F7-3284E119AB9C}.Release|x64.ActiveCfg = Release|Any CPU
		{A00C5A95-6B38-4615-93F7-3284E119AB9C}.Release|x64.Build.0 = Release|Any CPU
		{A00C5A95-6B38-4615-93F7-3284E119AB9C}.Release|x86.ActiveCfg = Release|Any CPU
		{A00C5A95-6B38-4615-93F7-3284E119AB9C}.Release|x86.Build.0 = Release|Any CPU
		{E2933ADF-659B-4C3B-B4BF-4D14E2F52C3B}.Debug|Any CPU.ActiveCfg = Debug|Any CPU
		{E2933ADF-659B-4C3B-B4BF-4D14E2F52C3B}.Debug|Any CPU.Build.0 = Debug|Any CPU
		{E2933ADF-659B-4C3B-B4BF-4D14E2F52C3B}.Debug|x64.ActiveCfg = Debug|Any CPU
		{E2933ADF-659B-4C3B-B4BF-4D14E2F52C3B}.Debug|x64.Build.0 = Debug|Any CPU
		{E2933ADF-659B-4C3B-B4BF-4D14E2F52C3B}.Debug|x86.ActiveCfg = Debug|Any CPU
		{E2933ADF-659B-4C3B-B4BF-4D14E2F52C3B}.Debug|x86.Build.0 = Debug|Any CPU
		{E2933ADF-659B-4C3B-B4BF-4D14E2F52C3B}.Release|Any CPU.ActiveCfg = Release|Any CPU
		{E2933ADF-659B-4C3B-B4BF-4D14E2F52C3B}.Release|Any CPU.Build.0 = Release|Any CPU
		{E2933ADF-659B-4C3B-B4BF-4D14E2F52C3B}.Release|x64.ActiveCfg = Release|Any CPU
		{E2933ADF-659B-4C3B-B4BF-4D14E2F52C3B}.Release|x64.Build.0 = Release|Any CPU
		{E2933ADF-659B-4C3B-B4BF-4D14E2F52C3B}.Release|x86.ActiveCfg = Release|Any CPU
		{E2933ADF-659B-4C3B-B4BF-4D14E2F52C3B}.Release|x86.Build.0 = Release|Any CPU
		{EB173DAB-EA3F-4FD9-A15C-C6A9DB372526}.Debug|Any CPU.ActiveCfg = Debug|Any CPU
		{EB173DAB-EA3F-4FD9-A15C-C6A9DB372526}.Debug|Any CPU.Build.0 = Debug|Any CPU
		{EB173DAB-EA3F-4FD9-A15C-C6A9DB372526}.Debug|x64.ActiveCfg = Debug|Any CPU
		{EB173DAB-EA3F-4FD9-A15C-C6A9DB372526}.Debug|x64.Build.0 = Debug|Any CPU
		{EB173DAB-EA3F-4FD9-A15C-C6A9DB372526}.Debug|x86.ActiveCfg = Debug|Any CPU
		{EB173DAB-EA3F-4FD9-A15C-C6A9DB372526}.Debug|x86.Build.0 = Debug|Any CPU
		{EB173DAB-EA3F-4FD9-A15C-C6A9DB372526}.Release|Any CPU.ActiveCfg = Release|Any CPU
		{EB173DAB-EA3F-4FD9-A15C-C6A9DB372526}.Release|Any CPU.Build.0 = Release|Any CPU
		{EB173DAB-EA3F-4FD9-A15C-C6A9DB372526}.Release|x64.ActiveCfg = Release|Any CPU
		{EB173DAB-EA3F-4FD9-A15C-C6A9DB372526}.Release|x64.Build.0 = Release|Any CPU
		{EB173DAB-EA3F-4FD9-A15C-C6A9DB372526}.Release|x86.ActiveCfg = Release|Any CPU
		{EB173DAB-EA3F-4FD9-A15C-C6A9DB372526}.Release|x86.Build.0 = Release|Any CPU
	EndGlobalSection
	GlobalSection(SolutionProperties) = preSolution
		HideSolutionNode = FALSE
	EndGlobalSection
	GlobalSection(NestedProjects) = preSolution
		{10A47635-DFB6-28AC-6672-F416582627F9} = {827E0CD3-B72D-47B6-A68D-7590B98EB39B}
		{35C7DB1C-B25E-487F-B521-1BC716224B46} = {10A47635-DFB6-28AC-6672-F416582627F9}
		{C4C27542-91B6-43F2-AB52-F086A8A3F5F9} = {827E0CD3-B72D-47B6-A68D-7590B98EB39B}
		{85C14A22-CFF3-4D6B-8D43-1F1A02F387FB} = {C4C27542-91B6-43F2-AB52-F086A8A3F5F9}
		{8DA74031-7644-4DB2-9DEF-73E3578597BF} = {827E0CD3-B72D-47B6-A68D-7590B98EB39B}
		{FA073BF0-5F29-4CE6-9309-037450B6AF06} = {8DA74031-7644-4DB2-9DEF-73E3578597BF}
		{408CE933-46B8-4C99-8031-665A47F352E4} = {C4C27542-91B6-43F2-AB52-F086A8A3F5F9}
		{7F3F4960-6B55-4C4C-86C4-D1A9262AA5EC} = {C4C27542-91B6-43F2-AB52-F086A8A3F5F9}
		{A77AF37E-3744-4F6C-A21C-20087B723F8C} = {C4C27542-91B6-43F2-AB52-F086A8A3F5F9}
		{6E2B498E-B95F-418D-AD0B-B378B408BB98} = {8DA74031-7644-4DB2-9DEF-73E3578597BF}
		{A7DBDDE5-013E-4353-A8FE-9D900B3D68EA} = {827E0CD3-B72D-47B6-A68D-7590B98EB39B}
		{AAF26210-5C74-49E8-87C3-3D413B08CC3C} = {A7DBDDE5-013E-4353-A8FE-9D900B3D68EA}
		{7CA73363-9E9A-4A6E-9449-F0BBD14A4C08} = {827E0CD3-B72D-47B6-A68D-7590B98EB39B}
		{001DD21F-581C-4987-A196-5F0F2F246CA3} = {7CA73363-9E9A-4A6E-9449-F0BBD14A4C08}
		{856410BF-01D4-4191-AC87-F2ABA8BC364A} = {7CA73363-9E9A-4A6E-9449-F0BBD14A4C08}
		{A00C5A95-6B38-4615-93F7-3284E119AB9C} = {7CA73363-9E9A-4A6E-9449-F0BBD14A4C08}
		{E2933ADF-659B-4C3B-B4BF-4D14E2F52C3B} = {7CA73363-9E9A-4A6E-9449-F0BBD14A4C08}
		{EB173DAB-EA3F-4FD9-A15C-C6A9DB372526} = {8DA74031-7644-4DB2-9DEF-73E3578597BF}
	EndGlobalSection
EndGlobal
